
Microsoft Visual Studio Solution File, Format Version 12.00
# Visual Studio Version 17
VisualStudioVersion = 17.7.34221.43
MinimumVisualStudioVersion = 10.0.40219.1
Project("{9A19103F-16F7-4668-BE54-9A1E7A4F7556}") = "LibraryManagementSystem", "MinimalAPI\LibraryManagementSystem.csproj", "{655D6CA1-75A6-4370-9F4B-B49955276432}"
EndProject
Project("{9A19103F-16F7-4668-BE54-9A1E7A4F7556}") = "LibraryManagementSystemWPFClient", "LibrarManagmentSystemWPFClient\LibraryManagementSystemWPFClient.csproj", "{2BFEC501-2534-41E1-B0DB-5B2D076AC6DE}"
EndProject
Project("{9A19103F-16F7-4668-BE54-9A1E7A4F7556}") = "LibraryWebApi", "LibraryWebApi\LibraryWebApi.csproj", "{D87701F6-9C1C-4654-B404-DE23E4E4E3F4}"
EndProject
Global
	GlobalSection(SolutionConfigurationPlatforms) = preSolution
		Debug|Any CPU = Debug|Any CPU
		Release|Any CPU = Release|Any CPU
	EndGlobalSection
	GlobalSection(ProjectConfigurationPlatforms) = postSolution
		{655D6CA1-75A6-4370-9F4B-B49955276432}.Debug|Any CPU.ActiveCfg = Debug|Any CPU
		{655D6CA1-75A6-4370-9F4B-B49955276432}.Debug|Any CPU.Build.0 = Debug|Any CPU
		{655D6CA1-75A6-4370-9F4B-B49955276432}.Release|Any CPU.ActiveCfg = Release|Any CPU
		{655D6CA1-75A6-4370-9F4B-B49955276432}.Release|Any CPU.Build.0 = Release|Any CPU
		{2BFEC501-2534-41E1-B0DB-5B2D076AC6DE}.Debug|Any CPU.ActiveCfg = Debug|Any CPU
		{2BFEC501-2534-41E1-B0DB-5B2D076AC6DE}.Debug|Any CPU.Build.0 = Debug|Any CPU
		{2BFEC501-2534-41E1-B0DB-5B2D076AC6DE}.Release|Any CPU.ActiveCfg = Release|Any CPU
		{2BFEC501-2534-41E1-B0DB-5B2D076AC6DE}.Release|Any CPU.Build.0 = Release|Any CPU
		{D87701F6-9C1C-4654-B404-DE23E4E4E3F4}.Debug|Any CPU.ActiveCfg = Debug|Any CPU
		{D87701F6-9C1C-4654-B404-DE23E4E4E3F4}.Debug|Any CPU.Build.0 = Debug|Any CPU
		{D87701F6-9C1C-4654-B404-DE23E4E4E3F4}.Release|Any CPU.ActiveCfg = Release|Any CPU
		{D87701F6-9C1C-4654-B404-DE23E4E4E3F4}.Release|Any CPU.Build.0 = Release|Any CPU
	EndGlobalSection
	GlobalSection(SolutionProperties) = preSolution
		HideSolutionNode = FALSE
	EndGlobalSection
	GlobalSection(ExtensibilityGlobals) = postSolution
		SolutionGuid = {32F0CBFD-0DF6-42E1-872C-20317C618391}
	EndGlobalSection
EndGlobal
